
Microsoft Visual Studio Solution File, Format Version 12.00
# Visual Studio Version 17
VisualStudioVersion = 17.7.34003.232
MinimumVisualStudioVersion = 10.0.40219.1
Project("{8BC9CEB8-8B4A-11D0-8D11-00A0C91BC942}") = "Project2", "Project2\Project2.vcxproj", "{BA8F632B-29EE-4989-9CEE-D4D364922DC7}"
EndProject
Global
	GlobalSection(SolutionConfigurationPlatforms) = preSolution
		Debug|x64 = Debug|x64
		Debug|x86 = Debug|x86
		Release|x64 = Release|x64
		Release|x86 = Release|x86
	EndGlobalSection
	GlobalSection(ProjectConfigurationPlatforms) = postSolution
		{BA8F632B-29EE-4989-9CEE-D4D364922DC7}.Debug|x64.ActiveCfg = Debug|x64
		{BA8F632B-29EE-4989-9CEE-D4D364922DC7}.Debug|x64.Build.0 = Debug|x64
		{BA8F632B-29EE-4989-9CEE-D4D364922DC7}.Debug|x86.ActiveCfg = Debug|Win32
		{BA8F632B-29EE-4989-9CEE-D4D364922DC7}.Debug|x86.Build.0 = Debug|Win32
		{BA8F632B-29EE-4989-9CEE-D4D364922DC7}.Release|x64.ActiveCfg = Release|x64
		{BA8F632B-29EE-4989-9CEE-D4D364922DC7}.Release|x64.Build.0 = Release|x64
		{BA8F632B-29EE-4989-9CEE-D4D364922DC7}.Release|x86.ActiveCfg = Release|Win32
		{BA8F632B-29EE-4989-9CEE-D4D364922DC7}.Release|x86.Build.0 = Release|Win32
	EndGlobalSection
	GlobalSection(SolutionProperties) = preSolution
		HideSolutionNode = FALSE
	EndGlobalSection
	GlobalSection(ExtensibilityGlobals) = postSolution
		SolutionGuid = {5B198B2E-048C-4A05-B733-7CDC938624DF}
	EndGlobalSection
EndGlobal
